// !$*UTF8*$!
{
	archiveVersion = 1;
	classes = {
	};
	objectVersion = 46;
	objects = {

/* Begin PBXBuildFile section */
		465B4EE51BA2C86C0080237E /* AppDelegate.swift in Sources */ = {isa = PBXBuildFile; fileRef = 465B4EE41BA2C86C0080237E /* AppDelegate.swift */; };
		465B4EE71BA2C86C0080237E /* ViewController.swift in Sources */ = {isa = PBXBuildFile; fileRef = 465B4EE61BA2C86C0080237E /* ViewController.swift */; };
		465B4EEA1BA2C86C0080237E /* Main.storyboard in Resources */ = {isa = PBXBuildFile; fileRef = 465B4EE81BA2C86C0080237E /* Main.storyboard */; };
		465B4EEC1BA2C86C0080237E /* Assets.xcassets in Resources */ = {isa = PBXBuildFile; fileRef = 465B4EEB1BA2C86C0080237E /* Assets.xcassets */; };
		465B4EEF1BA2C86C0080237E /* LaunchScreen.storyboard in Resources */ = {isa = PBXBuildFile; fileRef = 465B4EED1BA2C86C0080237E /* LaunchScreen.storyboard */; };
/* End PBXBuildFile section */

/* Begin PBXFileReference section */
		465B4EE11BA2C86C0080237E /* StackTest.app */ = {isa = PBXFileReference; explicitFileType = wrapper.application; includeInIndex = 0; path = StackTest.app; sourceTree = BUILT_PRODUCTS_DIR; };
		465B4EE41BA2C86C0080237E /* AppDelegate.swift */ = {isa = PBXFileReference; lastKnownFileType = sourcecode.swift; path = AppDelegate.swift; sourceTree = "<group>"; };
		465B4EE61BA2C86C0080237E /* ViewController.swift */ = {isa = PBXFileReference; lastKnownFileType = sourcecode.swift; path = ViewController.swift; sourceTree = "<group>"; };
		465B4EE91BA2C86C0080237E /* Base */ = {isa = PBXFileReference; lastKnownFileType = file.storyboard; name = Base; path = Base.lproj/Main.storyboard; sourceTree = "<group>"; };
		465B4EEB1BA2C86C0080237E /* Assets.xcassets */ = {isa = PBXFileReference; lastKnownFileType = folder.assetcatalog; path = Assets.xcassets; sourceTree = "<group>"; };
		465B4EEE1BA2C86C0080237E /* Base */ = {isa = PBXFileReference; lastKnownFileType = file.storyboard; name = Base; path = Base.lproj/LaunchScreen.storyboard; sourceTree = "<group>"; };
		465B4EF01BA2C86C0080237E /* Info.plist */ = {isa = PBXFileReference; lastKnownFileType = text.plist.xml; path = Info.plist; sourceTree = "<group>"; };
/* End PBXFileReference section */

/* Begin PBXFrameworksBuildPhase section */
		465B4EDE1BA2C86C0080237E /* Frameworks */ = {
			isa = PBXFrameworksBuildPhase;
			buildActionMask = 2147483647;
			files = (
			);
			runOnlyForDeploymentPostprocessing = 0;
		};
/* End PBXFrameworksBuildPhase section */

/* Begin PBXGroup section */
		465B4ED81BA2C86C0080237E = {
			isa = PBXGroup;
			children = (
				465B4EE31BA2C86C0080237E /* StackTest */,
				465B4EE21BA2C86C0080237E /* Products */,
			);
			sourceTree = "<group>";
		};
		465B4EE21BA2C86C0080237E /* Products */ = {
			isa = PBXGroup;
			children = (
				465B4EE11BA2C86C0080237E /* StackTest.app */,
			);
			name = Products;
			sourceTree = "<group>";
		};
		465B4EE31BA2C86C0080237E /* StackTest */ = {
			isa = PBXGroup;
			children = (
				465B4EE41BA2C86C0080237E /* AppDelegate.swift */,
				465B4EE61BA2C86C0080237E /* ViewController.swift */,
				465B4EE81BA2C86C0080237E /* Main.storyboard */,
				465B4EEB1BA2C86C0080237E /* Assets.xcassets */,
				465B4EED1BA2C86C0080237E /* LaunchScreen.storyboard */,
				465B4EF01BA2C86C0080237E /* Info.plist */,
			);
			path = StackTest;
			sourceTree = "<group>";
		};
/* End PBXGroup section */

/* Begin PBXNativeTarget section */
		465B4EE01BA2C86C0080237E /* StackTest */ = {
			isa = PBXNativeTarget;
			buildConfigurationList = 465B4EF31BA2C86C0080237E /* Build configuration list for PBXNativeTarget "StackTest" */;
			buildPhases = (
				465B4EDD1BA2C86C0080237E /* Sources */,
				465B4EDE1BA2C86C0080237E /* Frameworks */,
				465B4EDF1BA2C86C0080237E /* Resources */,
			);
			buildRules = (
			);
			dependencies = (
			);
			name = StackTest;
			productName = StackTest;
			productReference = 465B4EE11BA2C86C0080237E /* StackTest.app */;
			productType = "com.apple.product-type.application";
		};
/* End PBXNativeTarget section */

/* Begin PBXProject section */
		465B4ED91BA2C86C0080237E /* Project object */ = {
			isa = PBXProject;
			attributes = {
				LastUpgradeCheck = 0700;
				ORGANIZATIONNAME = "Umberto Raimondi";
				TargetAttributes = {
					465B4EE01BA2C86C0080237E = {
						CreatedOnToolsVersion = 7.0;
					};
				};
			};
			buildConfigurationList = 465B4EDC1BA2C86C0080237E /* Build configuration list for PBXProject "StackTest" */;
			compatibilityVersion = "Xcode 3.2";
			developmentRegion = English;
			hasScannedForEncodings = 0;
			knownRegions = (
				en,
				Base,
			);
			mainGroup = 465B4ED81BA2C86C0080237E;
			productRefGroup = 465B4EE21BA2C86C0080237E /* Products */;
			projectDirPath = "";
			projectRoot = "";
			targets = (
				465B4EE01BA2C86C0080237E /* StackTest */,
			);
		};
/* End PBXProject section */

/* Begin PBXResourcesBuildPhase section */
		465B4EDF1BA2C86C0080237E /* Resources */ = {
			isa = PBXResourcesBuildPhase;
			buildActionMask = 2147483647;
			files = (
				465B4EEF1BA2C86C0080237E /* LaunchScreen.storyboard in Resources */,
				465B4EEC1BA2C86C0080237E /* Assets.xcassets in Resources */,
				465B4EEA1BA2C86C0080237E /* Main.storyboard in Resources */,
			);
			runOnlyForDeploymentPostprocessing = 0;
		};
/* End PBXResourcesBuildPhase section */

/* Begin PBXSourcesBuildPhase section */
		465B4EDD1BA2C86C0080237E /* Sources */ = {
			isa = PBXSourcesBuildPhase;
			buildActionMask = 2147483647;
			files = (
				465B4EE71BA2C86C0080237E /* ViewController.swift in Sources */,
				465B4EE51BA2C86C0080237E /* AppDelegate.swift in Sources */,
			);
			runOnlyForDeploymentPostprocessing = 0;
		};
/* End PBXSourcesBuildPhase section */

/* Begin PBXVariantGroup section */
		465B4EE81BA2C86C0080237E /* Main.storyboard */ = {
			isa = PBXVariantGroup;
			children = (
				465B4EE91BA2C86C0080237E /* Base */,
			);
			name = Main.storyboard;
			sourceTree = "<group>";
		};
		465B4EED1BA2C86C0080237E /* LaunchScreen.storyboard */ = {
			isa = PBXVariantGroup;
			children = (
				465B4EEE1BA2C86C0080237E /* Base */,
			);
			name = LaunchScreen.storyboard;
			sourceTree = "<group>";
		};
/* End PBXVariantGroup section */

/* Begin XCBuildConfiguration section */
		465B4EF11BA2C86C0080237E /* Debug */ = {
			isa = XCBuildConfiguration;
			buildSettings = {
				ALWAYS_SEARCH_USER_PATHS = NO;
				CLANG_CXX_LANGUAGE_STANDARD = "gnu++0x";
				CLANG_CXX_LIBRARY = "libc++";
				CLANG_ENABLE_MODULES = YES;
				CLANG_ENABLE_OBJC_ARC = YES;
				CLANG_WARN_BOOL_CONVERSION = YES;
				CLANG_WARN_CONSTANT_CONVERSION = YES;
				CLANG_WARN_DIRECT_OBJC_ISA_USAGE = YES_ERROR;
				CLANG_WARN_EMPTY_BODY = YES;
				CLANG_WARN_ENUM_CONVERSION = YES;
				CLANG_WARN_INT_CONVERSION = YES;
				CLANG_WARN_OBJC_ROOT_CLASS = YES_ERROR;
				CLANG_WARN_UNREACHABLE_CODE = YES;
				CLANG_WARN__DUPLICATE_METHOD_MATCH = YES;
				"CODE_SIGN_IDENTITY[sdk=iphoneos*]" = "iPhone Developer";
				COPY_PHASE_STRIP = NO;
				DEBUG_INFORMATION_FORMAT = dwarf;
				ENABLE_STRICT_OBJC_MSGSEND = YES;
				ENABLE_TESTABILITY = YES;
				GCC_C_LANGUAGE_STANDARD = gnu99;
				GCC_DYNAMIC_NO_PIC = NO;
				GCC_NO_COMMON_BLOCKS = YES;
				GCC_OPTIMIZATION_LEVEL = 0;
				GCC_PREPROCESSOR_DEFINITIONS = (
					"DEBUG=1",
					"$(inherited)",
				);
				GCC_WARN_64_TO_32_BIT_CONVERSION = YES;
				GCC_WARN_ABOUT_RETURN_TYPE = YES_ERROR;
				GCC_WARN_UNDECLARED_SELECTOR = YES;
				GCC_WARN_UNINITIALIZED_AUTOS = YES_AGGRESSIVE;
				GCC_WARN_UNUSED_FUNCTION = YES;
				GCC_WARN_UNUSED_VARIABLE = YES;
				IPHONEOS_DEPLOYMENT_TARGET = 9.0;
				MTL_ENABLE_DEBUG_INFO = YES;
				ONLY_ACTIVE_ARCH = YES;
				SDKROOT = iphoneos;
				SWIFT_OPTIMIZATION_LEVEL = "-Onone";
			};
			name = Debug;
		};
		465B4EF21BA2C86C0080237E /* Release */ = {
			isa = XCBuildConfiguration;
			buildSettings = {
				ALWAYS_SEARCH_USER_PATHS = NO;
				CLANG_CXX_LANGUAGE_STANDARD = "gnu++0x";
				CLANG_CXX_LIBRARY = "libc++";
				CLANG_ENABLE_MODULES = YES;
				CLANG_ENABLE_OBJC_ARC = YES;
				CLANG_WARN_BOOL_CONVERSION = YES;
				CLANG_WARN_CONSTANT_CONVERSION = YES;
				CLANG_WARN_DIRECT_OBJC_ISA_USAGE = YES_ERROR;
				CLANG_WARN_EMPTY_BODY = YES;
				CLANG_WARN_ENUM_CONVERSION = YES;
				CLANG_WARN_INT_CONVERSION = YES;
				CLANG_WARN_OBJC_ROOT_CLASS = YES_ERROR;
				CLANG_WARN_UNREACHABLE_CODE = YES;
				CLANG_WARN__DUPLICATE_METHOD_MATCH = YES;
				"CODE_SIGN_IDENTITY[sdk=iphoneos*]" = "iPhone Developer";
				COPY_PHASE_STRIP = NO;
				DEBUG_INFORMATION_FORMAT = "dwarf-with-dsym";
				ENABLE_NS_ASSERTIONS = NO;
				ENABLE_STRICT_OBJC_MSGSEND = YES;
				GCC_C_LANGUAGE_STANDARD = gnu99;
				GCC_NO_COMMON_BLOCKS = YES;
				GCC_WARN_64_TO_32_BIT_CONVERSION = YES;
				GCC_WARN_ABOUT_RETURN_TYPE = YES_ERROR;
				GCC_WARN_UNDECLARED_SELECTOR = YES;
				GCC_WARN_UNINITIALIZED_AUTOS = YES_AGGRESSIVE;
				GCC_WARN_UNUSED_FUNCTION = YES;
				GCC_WARN_UNUSED_VARIABLE = YES;
				IPHONEOS_DEPLOYMENT_TARGET = 9.0;
				MTL_ENABLE_DEBUG_INFO = NO;
				SDKROOT = iphoneos;
				VALIDATE_PRODUCT = YES;
			};
			name = Release;
		};
		465B4EF41BA2C86C0080237E /* Debug */ = {
			isa = XCBuildConfiguration;
			buildSettings = {
				ASSETCATALOG_COMPILER_APPICON_NAME = AppIcon;
				INFOPLIST_FILE = StackTest/Info.plist;
				LD_RUNPATH_SEARCH_PATHS = "$(inherited) @executable_path/Frameworks";
				PRODUCT_BUNDLE_IDENTIFIER = com.uraimo.StackTest;
				PRODUCT_NAME = "$(TARGET_NAME)";
			};
			name = Debug;
		};
		465B4EF51BA2C86C0080237E /* Release */ = {
			isa = XCBuildConfiguration;
			buildSettings = {
				ASSETCATALOG_COMPILER_APPICON_NAME = AppIcon;
				INFOPLIST_FILE = StackTest/Info.plist;
				LD_RUNPATH_SEARCH_PATHS = "$(inherited) @executable_path/Frameworks";
				PRODUCT_BUNDLE_IDENTIFIER = com.uraimo.StackTest;
				PRODUCT_NAME = "$(TARGET_NAME)";
			};
			name = Release;
		};
/* End XCBuildConfiguration section */

/* Begin XCConfigurationList section */
		465B4EDC1BA2C86C0080237E /* Build configuration list for PBXProject "StackTest" */ = {
			isa = XCConfigurationList;
			buildConfigurations = (
				465B4EF11BA2C86C0080237E /* Debug */,
				465B4EF21BA2C86C0080237E /* Release */,
			);
			defaultConfigurationIsVisible = 0;
			defaultConfigurationName = Release;
		};
		465B4EF31BA2C86C0080237E /* Build configuration list for PBXNativeTarget "StackTest" */ = {
			isa = XCConfigurationList;
			buildConfigurations = (
				465B4EF41BA2C86C0080237E /* Debug */,
				465B4EF51BA2C86C0080237E /* Release */,
			);
			defaultConfigurationIsVisible = 0;
		};
/* End XCConfigurationList section */
	};
	rootObject = 465B4ED91BA2C86C0080237E /* Project object */;
}
